
Microsoft Visual Studio Solution File, Format Version 12.00
# Visual Studio Version 17
VisualStudioVersion = 17.9.34902.65
MinimumVisualStudioVersion = 10.0.40219.1
Project("{9A19103F-16F7-4668-BE54-9A1E7A4F7556}") = "AutoBrazier", "AutoBrazier.csproj", "{2BDE544D-E4AE-4025-9E14-0ADBC1F424DE}"
EndProject
Global
	GlobalSection(SolutionConfigurationPlatforms) = preSolution
		Debug|Any CPU = Debug|Any CPU
		Release|Any CPU = Release|Any CPU
	EndGlobalSection
	GlobalSection(ProjectConfigurationPlatforms) = postSolution
		{2BDE544D-E4AE-4025-9E14-0ADBC1F424DE}.Debug|Any CPU.ActiveCfg = Debug|Any CPU
		{2BDE544D-E4AE-4025-9E14-0ADBC1F424DE}.Debug|Any CPU.Build.0 = Debug|Any CPU
		{2BDE544D-E4AE-4025-9E14-0ADBC1F424DE}.Release|Any CPU.ActiveCfg = Release|Any CPU
		{2BDE544D-E4AE-4025-9E14-0ADBC1F424DE}.Release|Any CPU.Build.0 = Release|Any CPU
	EndGlobalSection
	GlobalSection(SolutionProperties) = preSolution
		HideSolutionNode = FALSE
	EndGlobalSection
	GlobalSection(ExtensibilityGlobals) = postSolution
		SolutionGuid = {C735B7ED-05CE-46AD-A342-3519DB7DC8E2}
	EndGlobalSection
EndGlobal
